
Microsoft Visual Studio Solution File, Format Version 12.00
# Visual Studio 15
VisualStudioVersion = 15.0.28010.2046
MinimumVisualStudioVersion = 10.0.40219.1
Project("{F14B399A-7131-4C87-9E4B-1186C45EF12D}") = "PlanviewReports", "PlanviewReports\PlanviewReports.rptproj", "{6651C86E-C697-40D2-922C-83424337AF8C}"
EndProject
Global
	GlobalSection(SolutionConfigurationPlatforms) = preSolution
		Debug|Default = Debug|Default
		DebugLocal|Default = DebugLocal|Default
		Release|Default = Release|Default
	EndGlobalSection
	GlobalSection(ProjectConfigurationPlatforms) = postSolution
		{6651C86E-C697-40D2-922C-83424337AF8C}.Debug|Default.ActiveCfg = Debug
		{6651C86E-C697-40D2-922C-83424337AF8C}.Debug|Default.Build.0 = Debug
		{6651C86E-C697-40D2-922C-83424337AF8C}.Debug|Default.Deploy.0 = Debug
		{6651C86E-C697-40D2-922C-83424337AF8C}.DebugLocal|Default.ActiveCfg = DebugLocal
		{6651C86E-C697-40D2-922C-83424337AF8C}.DebugLocal|Default.Build.0 = DebugLocal
		{6651C86E-C697-40D2-922C-83424337AF8C}.Release|Default.ActiveCfg = Release
		{6651C86E-C697-40D2-922C-83424337AF8C}.Release|Default.Build.0 = Release
		{6651C86E-C697-40D2-922C-83424337AF8C}.Release|Default.Deploy.0 = Release
	EndGlobalSection
	GlobalSection(SolutionProperties) = preSolution
		HideSolutionNode = FALSE
	EndGlobalSection
	GlobalSection(ExtensibilityGlobals) = postSolution
		SolutionGuid = {C2041934-A4BA-499B-883D-6EE2B2E6F1A3}
	EndGlobalSection
EndGlobal
